// !$*UTF8*$!
{
	archiveVersion = 1;
	classes = {
	};
	objectVersion = 46;
	objects = {

/* Begin PBXBuildFile section */
		3DF1DD691E5EB49D00AE4531 /* main.m in Sources */ = {isa = PBXBuildFile; fileRef = 3DF1DD681E5EB49D00AE4531 /* main.m */; };
		3DF1DD6C1E5EB49D00AE4531 /* AppDelegate.m in Sources */ = {isa = PBXBuildFile; fileRef = 3DF1DD6B1E5EB49D00AE4531 /* AppDelegate.m */; };
		3DF1DD6F1E5EB49D00AE4531 /* ViewController.m in Sources */ = {isa = PBXBuildFile; fileRef = 3DF1DD6E1E5EB49D00AE4531 /* ViewController.m */; };
		3DF1DD721E5EB49D00AE4531 /* Main.storyboard in Resources */ = {isa = PBXBuildFile; fileRef = 3DF1DD701E5EB49D00AE4531 /* Main.storyboard */; };
		3DF1DD741E5EB49D00AE4531 /* Assets.xcassets in Resources */ = {isa = PBXBuildFile; fileRef = 3DF1DD731E5EB49D00AE4531 /* Assets.xcassets */; };
		3DF1DD771E5EB49D00AE4531 /* LaunchScreen.storyboard in Resources */ = {isa = PBXBuildFile; fileRef = 3DF1DD751E5EB49D00AE4531 /* LaunchScreen.storyboard */; };
		3DF1DD821E5EB49D00AE4531 /* Dispatch_queueTests.m in Sources */ = {isa = PBXBuildFile; fileRef = 3DF1DD811E5EB49D00AE4531 /* Dispatch_queueTests.m */; };
		3DF1DD8D1E5EB49D00AE4531 /* Dispatch_queueUITests.m in Sources */ = {isa = PBXBuildFile; fileRef = 3DF1DD8C1E5EB49D00AE4531 /* Dispatch_queueUITests.m */; };
/* End PBXBuildFile section */

/* Begin PBXContainerItemProxy section */
		3DF1DD7E1E5EB49D00AE4531 /* PBXContainerItemProxy */ = {
			isa = PBXContainerItemProxy;
			containerPortal = 3DF1DD5C1E5EB49D00AE4531 /* Project object */;
			proxyType = 1;
			remoteGlobalIDString = 3DF1DD631E5EB49D00AE4531;
			remoteInfo = Dispatch_queue;
		};
		3DF1DD891E5EB49D00AE4531 /* PBXContainerItemProxy */ = {
			isa = PBXContainerItemProxy;
			containerPortal = 3DF1DD5C1E5EB49D00AE4531 /* Project object */;
			proxyType = 1;
			remoteGlobalIDString = 3DF1DD631E5EB49D00AE4531;
			remoteInfo = Dispatch_queue;
		};
/* End PBXContainerItemProxy section */

/* Begin PBXFileReference section */
		3DF1DD641E5EB49D00AE4531 /* Dispatch_queue.app */ = {isa = PBXFileReference; explicitFileType = wrapper.application; includeInIndex = 0; path = Dispatch_queue.app; sourceTree = BUILT_PRODUCTS_DIR; };
		3DF1DD681E5EB49D00AE4531 /* main.m */ = {isa = PBXFileReference; lastKnownFileType = sourcecode.c.objc; path = main.m; sourceTree = "<group>"; };
		3DF1DD6A1E5EB49D00AE4531 /* AppDelegate.h */ = {isa = PBXFileReference; lastKnownFileType = sourcecode.c.h; path = AppDelegate.h; sourceTree = "<group>"; };
		3DF1DD6B1E5EB49D00AE4531 /* AppDelegate.m */ = {isa = PBXFileReference; lastKnownFileType = sourcecode.c.objc; path = AppDelegate.m; sourceTree = "<group>"; };
		3DF1DD6D1E5EB49D00AE4531 /* ViewController.h */ = {isa = PBXFileReference; lastKnownFileType = sourcecode.c.h; path = ViewController.h; sourceTree = "<group>"; };
		3DF1DD6E1E5EB49D00AE4531 /* ViewController.m */ = {isa = PBXFileReference; lastKnownFileType = sourcecode.c.objc; path = ViewController.m; sourceTree = "<group>"; };
		3DF1DD711E5EB49D00AE4531 /* Base */ = {isa = PBXFileReference; lastKnownFileType = file.storyboard; name = Base; path = Base.lproj/Main.storyboard; sourceTree = "<group>"; };
		3DF1DD731E5EB49D00AE4531 /* Assets.xcassets */ = {isa = PBXFileReference; lastKnownFileType = folder.assetcatalog; path = Assets.xcassets; sourceTree = "<group>"; };
		3DF1DD761E5EB49D00AE4531 /* Base */ = {isa = PBXFileReference; lastKnownFileType = file.storyboard; name = Base; path = Base.lproj/LaunchScreen.storyboard; sourceTree = "<group>"; };
		3DF1DD781E5EB49D00AE4531 /* Info.plist */ = {isa = PBXFileReference; lastKnownFileType = text.plist.xml; path = Info.plist; sourceTree = "<group>"; };
		3DF1DD7D1E5EB49D00AE4531 /* Dispatch_queueTests.xctest */ = {isa = PBXFileReference; explicitFileType = wrapper.cfbundle; includeInIndex = 0; path = Dispatch_queueTests.xctest; sourceTree = BUILT_PRODUCTS_DIR; };
		3DF1DD811E5EB49D00AE4531 /* Dispatch_queueTests.m */ = {isa = PBXFileReference; lastKnownFileType = sourcecode.c.objc; path = Dispatch_queueTests.m; sourceTree = "<group>"; };
		3DF1DD831E5EB49D00AE4531 /* Info.plist */ = {isa = PBXFileReference; lastKnownFileType = text.plist.xml; path = Info.plist; sourceTree = "<group>"; };
		3DF1DD881E5EB49D00AE4531 /* Dispatch_queueUITests.xctest */ = {isa = PBXFileReference; explicitFileType = wrapper.cfbundle; includeInIndex = 0; path = Dispatch_queueUITests.xctest; sourceTree = BUILT_PRODUCTS_DIR; };
		3DF1DD8C1E5EB49D00AE4531 /* Dispatch_queueUITests.m */ = {isa = PBXFileReference; lastKnownFileType = sourcecode.c.objc; path = Dispatch_queueUITests.m; sourceTree = "<group>"; };
		3DF1DD8E1E5EB49D00AE4531 /* Info.plist */ = {isa = PBXFileReference; lastKnownFileType = text.plist.xml; path = Info.plist; sourceTree = "<group>"; };
/* End PBXFileReference section */

/* Begin PBXFrameworksBuildPhase section */
		3DF1DD611E5EB49D00AE4531 /* Frameworks */ = {
			isa = PBXFrameworksBuildPhase;
			buildActionMask = 2147483647;
			files = (
			);
			runOnlyForDeploymentPostprocessing = 0;
		};
		3DF1DD7A1E5EB49D00AE4531 /* Frameworks */ = {
			isa = PBXFrameworksBuildPhase;
			buildActionMask = 2147483647;
			files = (
			);
			runOnlyForDeploymentPostprocessing = 0;
		};
		3DF1DD851E5EB49D00AE4531 /* Frameworks */ = {
			isa = PBXFrameworksBuildPhase;
			buildActionMask = 2147483647;
			files = (
			);
			runOnlyForDeploymentPostprocessing = 0;
		};
/* End PBXFrameworksBuildPhase section */

/* Begin PBXGroup section */
		3DF1DD5B1E5EB49D00AE4531 = {
			isa = PBXGroup;
			children = (
				3DF1DD661E5EB49D00AE4531 /* Dispatch_queue */,
				3DF1DD801E5EB49D00AE4531 /* Dispatch_queueTests */,
				3DF1DD8B1E5EB49D00AE4531 /* Dispatch_queueUITests */,
				3DF1DD651E5EB49D00AE4531 /* Products */,
			);
			sourceTree = "<group>";
		};
		3DF1DD651E5EB49D00AE4531 /* Products */ = {
			isa = PBXGroup;
			children = (
				3DF1DD641E5EB49D00AE4531 /* Dispatch_queue.app */,
				3DF1DD7D1E5EB49D00AE4531 /* Dispatch_queueTests.xctest */,
				3DF1DD881E5EB49D00AE4531 /* Dispatch_queueUITests.xctest */,
			);
			name = Products;
			sourceTree = "<group>";
		};
		3DF1DD661E5EB49D00AE4531 /* Dispatch_queue */ = {
			isa = PBXGroup;
			children = (
				3DF1DD6A1E5EB49D00AE4531 /* AppDelegate.h */,
				3DF1DD6B1E5EB49D00AE4531 /* AppDelegate.m */,
				3DF1DD6D1E5EB49D00AE4531 /* ViewController.h */,
				3DF1DD6E1E5EB49D00AE4531 /* ViewController.m */,
				3DF1DD701E5EB49D00AE4531 /* Main.storyboard */,
				3DF1DD731E5EB49D00AE4531 /* Assets.xcassets */,
				3DF1DD751E5EB49D00AE4531 /* LaunchScreen.storyboard */,
				3DF1DD781E5EB49D00AE4531 /* Info.plist */,
				3DF1DD671E5EB49D00AE4531 /* Supporting Files */,
			);
			path = Dispatch_queue;
			sourceTree = "<group>";
		};
		3DF1DD671E5EB49D00AE4531 /* Supporting Files */ = {
			isa = PBXGroup;
			children = (
				3DF1DD681E5EB49D00AE4531 /* main.m */,
			);
			name = "Supporting Files";
			sourceTree = "<group>";
		};
		3DF1DD801E5EB49D00AE4531 /* Dispatch_queueTests */ = {
			isa = PBXGroup;
			children = (
				3DF1DD811E5EB49D00AE4531 /* Dispatch_queueTests.m */,
				3DF1DD831E5EB49D00AE4531 /* Info.plist */,
			);
			path = Dispatch_queueTests;
			sourceTree = "<group>";
		};
		3DF1DD8B1E5EB49D00AE4531 /* Dispatch_queueUITests */ = {
			isa = PBXGroup;
			children = (
				3DF1DD8C1E5EB49D00AE4531 /* Dispatch_queueUITests.m */,
				3DF1DD8E1E5EB49D00AE4531 /* Info.plist */,
			);
			path = Dispatch_queueUITests;
			sourceTree = "<group>";
		};
/* End PBXGroup section */

/* Begin PBXNativeTarget section */
		3DF1DD631E5EB49D00AE4531 /* Dispatch_queue */ = {
			isa = PBXNativeTarget;
			buildConfigurationList = 3DF1DD911E5EB49D00AE4531 /* Build configuration list for PBXNativeTarget "Dispatch_queue" */;
			buildPhases = (
				3DF1DD601E5EB49D00AE4531 /* Sources */,
				3DF1DD611E5EB49D00AE4531 /* Frameworks */,
				3DF1DD621E5EB49D00AE4531 /* Resources */,
			);
			buildRules = (
			);
			dependencies = (
			);
			name = Dispatch_queue;
			productName = Dispatch_queue;
			productReference = 3DF1DD641E5EB49D00AE4531 /* Dispatch_queue.app */;
			productType = "com.apple.product-type.application";
		};
		3DF1DD7C1E5EB49D00AE4531 /* Dispatch_queueTests */ = {
			isa = PBXNativeTarget;
			buildConfigurationList = 3DF1DD941E5EB49D00AE4531 /* Build configuration list for PBXNativeTarget "Dispatch_queueTests" */;
			buildPhases = (
				3DF1DD791E5EB49D00AE4531 /* Sources */,
				3DF1DD7A1E5EB49D00AE4531 /* Frameworks */,
				3DF1DD7B1E5EB49D00AE4531 /* Resources */,
			);
			buildRules = (
			);
			dependencies = (
				3DF1DD7F1E5EB49D00AE4531 /* PBXTargetDependency */,
			);
			name = Dispatch_queueTests;
			productName = Dispatch_queueTests;
			productReference = 3DF1DD7D1E5EB49D00AE4531 /* Dispatch_queueTests.xctest */;
			productType = "com.apple.product-type.bundle.unit-test";
		};
		3DF1DD871E5EB49D00AE4531 /* Dispatch_queueUITests */ = {
			isa = PBXNativeTarget;
			buildConfigurationList = 3DF1DD971E5EB49D00AE4531 /* Build configuration list for PBXNativeTarget "Dispatch_queueUITests" */;
			buildPhases = (
				3DF1DD841E5EB49D00AE4531 /* Sources */,
				3DF1DD851E5EB49D00AE4531 /* Frameworks */,
				3DF1DD861E5EB49D00AE4531 /* Resources */,
			);
			buildRules = (
			);
			dependencies = (
				3DF1DD8A1E5EB49D00AE4531 /* PBXTargetDependency */,
			);
			name = Dispatch_queueUITests;
			productName = Dispatch_queueUITests;
			productReference = 3DF1DD881E5EB49D00AE4531 /* Dispatch_queueUITests.xctest */;
			productType = "com.apple.product-type.bundle.ui-testing";
		};
/* End PBXNativeTarget section */

/* Begin PBXProject section */
		3DF1DD5C1E5EB49D00AE4531 /* Project object */ = {
			isa = PBXProject;
			attributes = {
				LastUpgradeCheck = 0820;
				ORGANIZATIONNAME = "杨肖宇";
				TargetAttributes = {
					3DF1DD631E5EB49D00AE4531 = {
						CreatedOnToolsVersion = 8.2.1;
						ProvisioningStyle = Automatic;
					};
					3DF1DD7C1E5EB49D00AE4531 = {
						CreatedOnToolsVersion = 8.2.1;
						ProvisioningStyle = Automatic;
						TestTargetID = 3DF1DD631E5EB49D00AE4531;
					};
					3DF1DD871E5EB49D00AE4531 = {
						CreatedOnToolsVersion = 8.2.1;
						ProvisioningStyle = Automatic;
						TestTargetID = 3DF1DD631E5EB49D00AE4531;
					};
				};
			};
			buildConfigurationList = 3DF1DD5F1E5EB49D00AE4531 /* Build configuration list for PBXProject "Dispatch_queue" */;
			compatibilityVersion = "Xcode 3.2";
			developmentRegion = English;
			hasScannedForEncodings = 0;
			knownRegions = (
				en,
				Base,
			);
			mainGroup = 3DF1DD5B1E5EB49D00AE4531;
			productRefGroup = 3DF1DD651E5EB49D00AE4531 /* Products */;
			projectDirPath = "";
			projectRoot = "";
			targets = (
				3DF1DD631E5EB49D00AE4531 /* Dispatch_queue */,
				3DF1DD7C1E5EB49D00AE4531 /* Dispatch_queueTests */,
				3DF1DD871E5EB49D00AE4531 /* Dispatch_queueUITests */,
			);
		};
/* End PBXProject section */

/* Begin PBXResourcesBuildPhase section */
		3DF1DD621E5EB49D00AE4531 /* Resources */ = {
			isa = PBXResourcesBuildPhase;
			buildActionMask = 2147483647;
			files = (
				3DF1DD771E5EB49D00AE4531 /* LaunchScreen.storyboard in Resources */,
				3DF1DD741E5EB49D00AE4531 /* Assets.xcassets in Resources */,
				3DF1DD721E5EB49D00AE4531 /* Main.storyboard in Resources */,
			);
			runOnlyForDeploymentPostprocessing = 0;
		};
		3DF1DD7B1E5EB49D00AE4531 /* Resources */ = {
			isa = PBXResourcesBuildPhase;
			buildActionMask = 2147483647;
			files = (
			);
			runOnlyForDeploymentPostprocessing = 0;
		};
		3DF1DD861E5EB49D00AE4531 /* Resources */ = {
			isa = PBXResourcesBuildPhase;
			buildActionMask = 2147483647;
			files = (
			);
			runOnlyForDeploymentPostprocessing = 0;
		};
/* End PBXResourcesBuildPhase section */

/* Begin PBXSourcesBuildPhase section */
		3DF1DD601E5EB49D00AE4531 /* Sources */ = {
			isa = PBXSourcesBuildPhase;
			buildActionMask = 2147483647;
			files = (
				3DF1DD6F1E5EB49D00AE4531 /* ViewController.m in Sources */,
				3DF1DD6C1E5EB49D00AE4531 /* AppDelegate.m in Sources */,
				3DF1DD691E5EB49D00AE4531 /* main.m in Sources */,
			);
			runOnlyForDeploymentPostprocessing = 0;
		};
		3DF1DD791E5EB49D00AE4531 /* Sources */ = {
			isa = PBXSourcesBuildPhase;
			buildActionMask = 2147483647;
			files = (
				3DF1DD821E5EB49D00AE4531 /* Dispatch_queueTests.m in Sources */,
			);
			runOnlyForDeploymentPostprocessing = 0;
		};
		3DF1DD841E5EB49D00AE4531 /* Sources */ = {
			isa = PBXSourcesBuildPhase;
			buildActionMask = 2147483647;
			files = (
				3DF1DD8D1E5EB49D00AE4531 /* Dispatch_queueUITests.m in Sources */,
			);
			runOnlyForDeploymentPostprocessing = 0;
		};
/* End PBXSourcesBuildPhase section */

/* Begin PBXTargetDependency section */
		3DF1DD7F1E5EB49D00AE4531 /* PBXTargetDependency */ = {
			isa = PBXTargetDependency;
			target = 3DF1DD631E5EB49D00AE4531 /* Dispatch_queue */;
			targetProxy = 3DF1DD7E1E5EB49D00AE4531 /* PBXContainerItemProxy */;
		};
		3DF1DD8A1E5EB49D00AE4531 /* PBXTargetDependency */ = {
			isa = PBXTargetDependency;
			target = 3DF1DD631E5EB49D00AE4531 /* Dispatch_queue */;
			targetProxy = 3DF1DD891E5EB49D00AE4531 /* PBXContainerItemProxy */;
		};
/* End PBXTargetDependency section */

/* Begin PBXVariantGroup section */
		3DF1DD701E5EB49D00AE4531 /* Main.storyboard */ = {
			isa = PBXVariantGroup;
			children = (
				3DF1DD711E5EB49D00AE4531 /* Base */,
			);
			name = Main.storyboard;
			sourceTree = "<group>";
		};
		3DF1DD751E5EB49D00AE4531 /* LaunchScreen.storyboard */ = {
			isa = PBXVariantGroup;
			children = (
				3DF1DD761E5EB49D00AE4531 /* Base */,
			);
			name = LaunchScreen.storyboard;
			sourceTree = "<group>";
		};
/* End PBXVariantGroup section */

/* Begin XCBuildConfiguration section */
		3DF1DD8F1E5EB49D00AE4531 /* Debug */ = {
			isa = XCBuildConfiguration;
			buildSettings = {
				ALWAYS_SEARCH_USER_PATHS = NO;
				CLANG_ANALYZER_NONNULL = YES;
				CLANG_CXX_LANGUAGE_STANDARD = "gnu++0x";
				CLANG_CXX_LIBRARY = "libc++";
				CLANG_ENABLE_MODULES = YES;
				CLANG_ENABLE_OBJC_ARC = YES;
				CLANG_WARN_BOOL_CONVERSION = YES;
				CLANG_WARN_CONSTANT_CONVERSION = YES;
				CLANG_WARN_DIRECT_OBJC_ISA_USAGE = YES_ERROR;
				CLANG_WARN_DOCUMENTATION_COMMENTS = YES;
				CLANG_WARN_EMPTY_BODY = YES;
				CLANG_WARN_ENUM_CONVERSION = YES;
				CLANG_WARN_INFINITE_RECURSION = YES;
				CLANG_WARN_INT_CONVERSION = YES;
				CLANG_WARN_OBJC_ROOT_CLASS = YES_ERROR;
				CLANG_WARN_SUSPICIOUS_MOVE = YES;
				CLANG_WARN_UNREACHABLE_CODE = YES;
				CLANG_WARN__DUPLICATE_METHOD_MATCH = YES;
				"CODE_SIGN_IDENTITY[sdk=iphoneos*]" = "iPhone Developer";
				COPY_PHASE_STRIP = NO;
				DEBUG_INFORMATION_FORMAT = dwarf;
				ENABLE_STRICT_OBJC_MSGSEND = YES;
				ENABLE_TESTABILITY = YES;
				GCC_C_LANGUAGE_STANDARD = gnu99;
				GCC_DYNAMIC_NO_PIC = NO;
				GCC_NO_COMMON_BLOCKS = YES;
				GCC_OPTIMIZATION_LEVEL = 0;
				GCC_PREPROCESSOR_DEFINITIONS = (
					"DEBUG=1",
					"$(inherited)",
				);
				GCC_WARN_64_TO_32_BIT_CONVERSION = YES;
				GCC_WARN_ABOUT_RETURN_TYPE = YES_ERROR;
				GCC_WARN_UNDECLARED_SELECTOR = YES;
				GCC_WARN_UNINITIALIZED_AUTOS = YES_AGGRESSIVE;
				GCC_WARN_UNUSED_FUNCTION = YES;
				GCC_WARN_UNUSED_VARIABLE = YES;
				IPHONEOS_DEPLOYMENT_TARGET = 10.2;
				MTL_ENABLE_DEBUG_INFO = YES;
				ONLY_ACTIVE_ARCH = YES;
				SDKROOT = iphoneos;
				TARGETED_DEVICE_FAMILY = "1,2";
			};
			name = Debug;
		};
		3DF1DD901E5EB49D00AE4531 /* Release */ = {
			isa = XCBuildConfiguration;
			buildSettings = {
				ALWAYS_SEARCH_USER_PATHS = NO;
				CLANG_ANALYZER_NONNULL = YES;
				CLANG_CXX_LANGUAGE_STANDARD = "gnu++0x";
				CLANG_CXX_LIBRARY = "libc++";
				CLANG_ENABLE_MODULES = YES;
				CLANG_ENABLE_OBJC_ARC = YES;
				CLANG_WARN_BOOL_CONVERSION = YES;
				CLANG_WARN_CONSTANT_CONVERSION = YES;
				CLANG_WARN_DIRECT_OBJC_ISA_USAGE = YES_ERROR;
				CLANG_WARN_DOCUMENTATION_COMMENTS = YES;
				CLANG_WARN_EMPTY_BODY = YES;
				CLANG_WARN_ENUM_CONVERSION = YES;
				CLANG_WARN_INFINITE_RECURSION = YES;
				CLANG_WARN_INT_CONVERSION = YES;
				CLANG_WARN_OBJC_ROOT_CLASS = YES_ERROR;
				CLANG_WARN_SUSPICIOUS_MOVE = YES;
				CLANG_WARN_UNREACHABLE_CODE = YES;
				CLANG_WARN__DUPLICATE_METHOD_MATCH = YES;
				"CODE_SIGN_IDENTITY[sdk=iphoneos*]" = "iPhone Developer";
				COPY_PHASE_STRIP = NO;
				DEBUG_INFORMATION_FORMAT = "dwarf-with-dsym";
				ENABLE_NS_ASSERTIONS = NO;
				ENABLE_STRICT_OBJC_MSGSEND = YES;
				GCC_C_LANGUAGE_STANDARD = gnu99;
				GCC_NO_COMMON_BLOCKS = YES;
				GCC_WARN_64_TO_32_BIT_CONVERSION = YES;
				GCC_WARN_ABOUT_RETURN_TYPE = YES_ERROR;
				GCC_WARN_UNDECLARED_SELECTOR = YES;
				GCC_WARN_UNINITIALIZED_AUTOS = YES_AGGRESSIVE;
				GCC_WARN_UNUSED_FUNCTION = YES;
				GCC_WARN_UNUSED_VARIABLE = YES;
				IPHONEOS_DEPLOYMENT_TARGET = 10.2;
				MTL_ENABLE_DEBUG_INFO = NO;
				SDKROOT = iphoneos;
				TARGETED_DEVICE_FAMILY = "1,2";
				VALIDATE_PRODUCT = YES;
			};
			name = Release;
		};
		3DF1DD921E5EB49D00AE4531 /* Debug */ = {
			isa = XCBuildConfiguration;
			buildSettings = {
				ASSETCATALOG_COMPILER_APPICON_NAME = AppIcon;
				INFOPLIST_FILE = Dispatch_queue/Info.plist;
				LD_RUNPATH_SEARCH_PATHS = "$(inherited) @executable_path/Frameworks";
				PRODUCT_BUNDLE_IDENTIFIER = "yangxiaoyu.Dispatch-queue";
				PRODUCT_NAME = "$(TARGET_NAME)";
			};
			name = Debug;
		};
		3DF1DD931E5EB49D00AE4531 /* Release */ = {
			isa = XCBuildConfiguration;
			buildSettings = {
				ASSETCATALOG_COMPILER_APPICON_NAME = AppIcon;
				INFOPLIST_FILE = Dispatch_queue/Info.plist;
				LD_RUNPATH_SEARCH_PATHS = "$(inherited) @executable_path/Frameworks";
				PRODUCT_BUNDLE_IDENTIFIER = "yangxiaoyu.Dispatch-queue";
				PRODUCT_NAME = "$(TARGET_NAME)";
			};
			name = Release;
		};
		3DF1DD951E5EB49D00AE4531 /* Debug */ = {
			isa = XCBuildConfiguration;
			buildSettings = {
				BUNDLE_LOADER = "$(TEST_HOST)";
				INFOPLIST_FILE = Dispatch_queueTests/Info.plist;
				LD_RUNPATH_SEARCH_PATHS = "$(inherited) @executable_path/Frameworks @loader_path/Frameworks";
				PRODUCT_BUNDLE_IDENTIFIER = "yangxiaoyu.Dispatch-queueTests";
				PRODUCT_NAME = "$(TARGET_NAME)";
				TEST_HOST = "$(BUILT_PRODUCTS_DIR)/Dispatch_queue.app/Dispatch_queue";
			};
			name = Debug;
		};
		3DF1DD961E5EB49D00AE4531 /* Release */ = {
			isa = XCBuildConfiguration;
			buildSettings = {
				BUNDLE_LOADER = "$(TEST_HOST)";
				INFOPLIST_FILE = Dispatch_queueTests/Info.plist;
				LD_RUNPATH_SEARCH_PATHS = "$(inherited) @executable_path/Frameworks @loader_path/Frameworks";
				PRODUCT_BUNDLE_IDENTIFIER = "yangxiaoyu.Dispatch-queueTests";
				PRODUCT_NAME = "$(TARGET_NAME)";
				TEST_HOST = "$(BUILT_PRODUCTS_DIR)/Dispatch_queue.app/Dispatch_queue";
			};
			name = Release;
		};
		3DF1DD981E5EB49D00AE4531 /* Debug */ = {
			isa = XCBuildConfiguration;
			buildSettings = {
				INFOPLIST_FILE = Dispatch_queueUITests/Info.plist;
				LD_RUNPATH_SEARCH_PATHS = "$(inherited) @executable_path/Frameworks @loader_path/Frameworks";
				PRODUCT_BUNDLE_IDENTIFIER = "yangxiaoyu.Dispatch-queueUITests";
				PRODUCT_NAME = "$(TARGET_NAME)";
				TEST_TARGET_NAME = Dispatch_queue;
			};
			name = Debug;
		};
		3DF1DD991E5EB49D00AE4531 /* Release */ = {
			isa = XCBuildConfiguration;
			buildSettings = {
				INFOPLIST_FILE = Dispatch_queueUITests/Info.plist;
				LD_RUNPATH_SEARCH_PATHS = "$(inherited) @executable_path/Frameworks @loader_path/Frameworks";
				PRODUCT_BUNDLE_IDENTIFIER = "yangxiaoyu.Dispatch-queueUITests";
				PRODUCT_NAME = "$(TARGET_NAME)";
				TEST_TARGET_NAME = Dispatch_queue;
			};
			name = Release;
		};
/* End XCBuildConfiguration section */

/* Begin XCConfigurationList section */
		3DF1DD5F1E5EB49D00AE4531 /* Build configuration list for PBXProject "Dispatch_queue" */ = {
			isa = XCConfigurationList;
			buildConfigurations = (
				3DF1DD8F1E5EB49D00AE4531 /* Debug */,
				3DF1DD901E5EB49D00AE4531 /* Release */,
			);
			defaultConfigurationIsVisible = 0;
			defaultConfigurationName = Release;
		};
		3DF1DD911E5EB49D00AE4531 /* Build configuration list for PBXNativeTarget "Dispatch_queue" */ = {
			isa = XCConfigurationList;
			buildConfigurations = (
				3DF1DD921E5EB49D00AE4531 /* Debug */,
				3DF1DD931E5EB49D00AE4531 /* Release */,
			);
			defaultConfigurationIsVisible = 0;
		};
		3DF1DD941E5EB49D00AE4531 /* Build configuration list for PBXNativeTarget "Dispatch_queueTests" */ = {
			isa = XCConfigurationList;
			buildConfigurations = (
				3DF1DD951E5EB49D00AE4531 /* Debug */,
				3DF1DD961E5EB49D00AE4531 /* Release */,
			);
			defaultConfigurationIsVisible = 0;
		};
		3DF1DD971E5EB49D00AE4531 /* Build configuration list for PBXNativeTarget "Dispatch_queueUITests" */ = {
			isa = XCConfigurationList;
			buildConfigurations = (
				3DF1DD981E5EB49D00AE4531 /* Debug */,
				3DF1DD991E5EB49D00AE4531 /* Release */,
			);
			defaultConfigurationIsVisible = 0;
		};
/* End XCConfigurationList section */
	};
	rootObject = 3DF1DD5C1E5EB49D00AE4531 /* Project object */;
}
