// !$*UTF8*$!
{
	archiveVersion = 1;
	classes = {
	};
	objectVersion = 46;
	objects = {

/* Begin PBXBuildFile section */
		A3B08D661CE6D640008020A0 /* main.m in Sources */ = {isa = PBXBuildFile; fileRef = A3B08D651CE6D640008020A0 /* main.m */; };
		A3B08D691CE6D640008020A0 /* AppDelegate.m in Sources */ = {isa = PBXBuildFile; fileRef = A3B08D681CE6D640008020A0 /* AppDelegate.m */; };
		A3B08D6C1CE6D640008020A0 /* ViewController.m in Sources */ = {isa = PBXBuildFile; fileRef = A3B08D6B1CE6D640008020A0 /* ViewController.m */; };
		A3B08D6F1CE6D640008020A0 /* Main.storyboard in Resources */ = {isa = PBXBuildFile; fileRef = A3B08D6D1CE6D640008020A0 /* Main.storyboard */; };
		A3B08D711CE6D640008020A0 /* Assets.xcassets in Resources */ = {isa = PBXBuildFile; fileRef = A3B08D701CE6D640008020A0 /* Assets.xcassets */; };
		A3B08D741CE6D640008020A0 /* LaunchScreen.storyboard in Resources */ = {isa = PBXBuildFile; fileRef = A3B08D721CE6D640008020A0 /* LaunchScreen.storyboard */; };
		A3B08D7F1CE6D640008020A0 /* UITextViewTests.m in Sources */ = {isa = PBXBuildFile; fileRef = A3B08D7E1CE6D640008020A0 /* UITextViewTests.m */; };
		A3B08D8A1CE6D640008020A0 /* UITextViewUITests.m in Sources */ = {isa = PBXBuildFile; fileRef = A3B08D891CE6D640008020A0 /* UITextViewUITests.m */; };
/* End PBXBuildFile section */

/* Begin PBXContainerItemProxy section */
		A3B08D7B1CE6D640008020A0 /* PBXContainerItemProxy */ = {
			isa = PBXContainerItemProxy;
			containerPortal = A3B08D591CE6D63F008020A0 /* Project object */;
			proxyType = 1;
			remoteGlobalIDString = A3B08D601CE6D640008020A0;
			remoteInfo = UITextView;
		};
		A3B08D861CE6D640008020A0 /* PBXContainerItemProxy */ = {
			isa = PBXContainerItemProxy;
			containerPortal = A3B08D591CE6D63F008020A0 /* Project object */;
			proxyType = 1;
			remoteGlobalIDString = A3B08D601CE6D640008020A0;
			remoteInfo = UITextView;
		};
/* End PBXContainerItemProxy section */

/* Begin PBXFileReference section */
		A3B08D611CE6D640008020A0 /* UITextView.app */ = {isa = PBXFileReference; explicitFileType = wrapper.application; includeInIndex = 0; path = UITextView.app; sourceTree = BUILT_PRODUCTS_DIR; };
		A3B08D651CE6D640008020A0 /* main.m */ = {isa = PBXFileReference; lastKnownFileType = sourcecode.c.objc; path = main.m; sourceTree = "<group>"; };
		A3B08D671CE6D640008020A0 /* AppDelegate.h */ = {isa = PBXFileReference; lastKnownFileType = sourcecode.c.h; path = AppDelegate.h; sourceTree = "<group>"; };
		A3B08D681CE6D640008020A0 /* AppDelegate.m */ = {isa = PBXFileReference; lastKnownFileType = sourcecode.c.objc; path = AppDelegate.m; sourceTree = "<group>"; };
		A3B08D6A1CE6D640008020A0 /* ViewController.h */ = {isa = PBXFileReference; lastKnownFileType = sourcecode.c.h; path = ViewController.h; sourceTree = "<group>"; };
		A3B08D6B1CE6D640008020A0 /* ViewController.m */ = {isa = PBXFileReference; lastKnownFileType = sourcecode.c.objc; path = ViewController.m; sourceTree = "<group>"; };
		A3B08D6E1CE6D640008020A0 /* Base */ = {isa = PBXFileReference; lastKnownFileType = file.storyboard; name = Base; path = Base.lproj/Main.storyboard; sourceTree = "<group>"; };
		A3B08D701CE6D640008020A0 /* Assets.xcassets */ = {isa = PBXFileReference; lastKnownFileType = folder.assetcatalog; path = Assets.xcassets; sourceTree = "<group>"; };
		A3B08D731CE6D640008020A0 /* Base */ = {isa = PBXFileReference; lastKnownFileType = file.storyboard; name = Base; path = Base.lproj/LaunchScreen.storyboard; sourceTree = "<group>"; };
		A3B08D751CE6D640008020A0 /* Info.plist */ = {isa = PBXFileReference; lastKnownFileType = text.plist.xml; path = Info.plist; sourceTree = "<group>"; };
		A3B08D7A1CE6D640008020A0 /* UITextViewTests.xctest */ = {isa = PBXFileReference; explicitFileType = wrapper.cfbundle; includeInIndex = 0; path = UITextViewTests.xctest; sourceTree = BUILT_PRODUCTS_DIR; };
		A3B08D7E1CE6D640008020A0 /* UITextViewTests.m */ = {isa = PBXFileReference; lastKnownFileType = sourcecode.c.objc; path = UITextViewTests.m; sourceTree = "<group>"; };
		A3B08D801CE6D640008020A0 /* Info.plist */ = {isa = PBXFileReference; lastKnownFileType = text.plist.xml; path = Info.plist; sourceTree = "<group>"; };
		A3B08D851CE6D640008020A0 /* UITextViewUITests.xctest */ = {isa = PBXFileReference; explicitFileType = wrapper.cfbundle; includeInIndex = 0; path = UITextViewUITests.xctest; sourceTree = BUILT_PRODUCTS_DIR; };
		A3B08D891CE6D640008020A0 /* UITextViewUITests.m */ = {isa = PBXFileReference; lastKnownFileType = sourcecode.c.objc; path = UITextViewUITests.m; sourceTree = "<group>"; };
		A3B08D8B1CE6D640008020A0 /* Info.plist */ = {isa = PBXFileReference; lastKnownFileType = text.plist.xml; path = Info.plist; sourceTree = "<group>"; };
/* End PBXFileReference section */

/* Begin PBXFrameworksBuildPhase section */
		A3B08D5E1CE6D640008020A0 /* Frameworks */ = {
			isa = PBXFrameworksBuildPhase;
			buildActionMask = 2147483647;
			files = (
			);
			runOnlyForDeploymentPostprocessing = 0;
		};
		A3B08D771CE6D640008020A0 /* Frameworks */ = {
			isa = PBXFrameworksBuildPhase;
			buildActionMask = 2147483647;
			files = (
			);
			runOnlyForDeploymentPostprocessing = 0;
		};
		A3B08D821CE6D640008020A0 /* Frameworks */ = {
			isa = PBXFrameworksBuildPhase;
			buildActionMask = 2147483647;
			files = (
			);
			runOnlyForDeploymentPostprocessing = 0;
		};
/* End PBXFrameworksBuildPhase section */

/* Begin PBXGroup section */
		A3B08D581CE6D63F008020A0 = {
			isa = PBXGroup;
			children = (
				A3B08D631CE6D640008020A0 /* UITextView */,
				A3B08D7D1CE6D640008020A0 /* UITextViewTests */,
				A3B08D881CE6D640008020A0 /* UITextViewUITests */,
				A3B08D621CE6D640008020A0 /* Products */,
			);
			sourceTree = "<group>";
		};
		A3B08D621CE6D640008020A0 /* Products */ = {
			isa = PBXGroup;
			children = (
				A3B08D611CE6D640008020A0 /* UITextView.app */,
				A3B08D7A1CE6D640008020A0 /* UITextViewTests.xctest */,
				A3B08D851CE6D640008020A0 /* UITextViewUITests.xctest */,
			);
			name = Products;
			sourceTree = "<group>";
		};
		A3B08D631CE6D640008020A0 /* UITextView */ = {
			isa = PBXGroup;
			children = (
				A3B08D671CE6D640008020A0 /* AppDelegate.h */,
				A3B08D681CE6D640008020A0 /* AppDelegate.m */,
				A3B08D6A1CE6D640008020A0 /* ViewController.h */,
				A3B08D6B1CE6D640008020A0 /* ViewController.m */,
				A3B08D6D1CE6D640008020A0 /* Main.storyboard */,
				A3B08D701CE6D640008020A0 /* Assets.xcassets */,
				A3B08D721CE6D640008020A0 /* LaunchScreen.storyboard */,
				A3B08D751CE6D640008020A0 /* Info.plist */,
				A3B08D641CE6D640008020A0 /* Supporting Files */,
			);
			path = UITextView;
			sourceTree = "<group>";
		};
		A3B08D641CE6D640008020A0 /* Supporting Files */ = {
			isa = PBXGroup;
			children = (
				A3B08D651CE6D640008020A0 /* main.m */,
			);
			name = "Supporting Files";
			sourceTree = "<group>";
		};
		A3B08D7D1CE6D640008020A0 /* UITextViewTests */ = {
			isa = PBXGroup;
			children = (
				A3B08D7E1CE6D640008020A0 /* UITextViewTests.m */,
				A3B08D801CE6D640008020A0 /* Info.plist */,
			);
			path = UITextViewTests;
			sourceTree = "<group>";
		};
		A3B08D881CE6D640008020A0 /* UITextViewUITests */ = {
			isa = PBXGroup;
			children = (
				A3B08D891CE6D640008020A0 /* UITextViewUITests.m */,
				A3B08D8B1CE6D640008020A0 /* Info.plist */,
			);
			path = UITextViewUITests;
			sourceTree = "<group>";
		};
/* End PBXGroup section */

/* Begin PBXNativeTarget section */
		A3B08D601CE6D640008020A0 /* UITextView */ = {
			isa = PBXNativeTarget;
			buildConfigurationList = A3B08D8E1CE6D640008020A0 /* Build configuration list for PBXNativeTarget "UITextView" */;
			buildPhases = (
				A3B08D5D1CE6D640008020A0 /* Sources */,
				A3B08D5E1CE6D640008020A0 /* Frameworks */,
				A3B08D5F1CE6D640008020A0 /* Resources */,
			);
			buildRules = (
			);
			dependencies = (
			);
			name = UITextView;
			productName = UITextView;
			productReference = A3B08D611CE6D640008020A0 /* UITextView.app */;
			productType = "com.apple.product-type.application";
		};
		A3B08D791CE6D640008020A0 /* UITextViewTests */ = {
			isa = PBXNativeTarget;
			buildConfigurationList = A3B08D911CE6D640008020A0 /* Build configuration list for PBXNativeTarget "UITextViewTests" */;
			buildPhases = (
				A3B08D761CE6D640008020A0 /* Sources */,
				A3B08D771CE6D640008020A0 /* Frameworks */,
				A3B08D781CE6D640008020A0 /* Resources */,
			);
			buildRules = (
			);
			dependencies = (
				A3B08D7C1CE6D640008020A0 /* PBXTargetDependency */,
			);
			name = UITextViewTests;
			productName = UITextViewTests;
			productReference = A3B08D7A1CE6D640008020A0 /* UITextViewTests.xctest */;
			productType = "com.apple.product-type.bundle.unit-test";
		};
		A3B08D841CE6D640008020A0 /* UITextViewUITests */ = {
			isa = PBXNativeTarget;
			buildConfigurationList = A3B08D941CE6D640008020A0 /* Build configuration list for PBXNativeTarget "UITextViewUITests" */;
			buildPhases = (
				A3B08D811CE6D640008020A0 /* Sources */,
				A3B08D821CE6D640008020A0 /* Frameworks */,
				A3B08D831CE6D640008020A0 /* Resources */,
			);
			buildRules = (
			);
			dependencies = (
				A3B08D871CE6D640008020A0 /* PBXTargetDependency */,
			);
			name = UITextViewUITests;
			productName = UITextViewUITests;
			productReference = A3B08D851CE6D640008020A0 /* UITextViewUITests.xctest */;
			productType = "com.apple.product-type.bundle.ui-testing";
		};
/* End PBXNativeTarget section */

/* Begin PBXProject section */
		A3B08D591CE6D63F008020A0 /* Project object */ = {
			isa = PBXProject;
			attributes = {
				LastUpgradeCheck = 0720;
				ORGANIZATIONNAME = beyondSoft;
				TargetAttributes = {
					A3B08D601CE6D640008020A0 = {
						CreatedOnToolsVersion = 7.2;
					};
					A3B08D791CE6D640008020A0 = {
						CreatedOnToolsVersion = 7.2;
						TestTargetID = A3B08D601CE6D640008020A0;
					};
					A3B08D841CE6D640008020A0 = {
						CreatedOnToolsVersion = 7.2;
						TestTargetID = A3B08D601CE6D640008020A0;
					};
				};
			};
			buildConfigurationList = A3B08D5C1CE6D63F008020A0 /* Build configuration list for PBXProject "UITextView" */;
			compatibilityVersion = "Xcode 3.2";
			developmentRegion = English;
			hasScannedForEncodings = 0;
			knownRegions = (
				en,
				Base,
			);
			mainGroup = A3B08D581CE6D63F008020A0;
			productRefGroup = A3B08D621CE6D640008020A0 /* Products */;
			projectDirPath = "";
			projectRoot = "";
			targets = (
				A3B08D601CE6D640008020A0 /* UITextView */,
				A3B08D791CE6D640008020A0 /* UITextViewTests */,
				A3B08D841CE6D640008020A0 /* UITextViewUITests */,
			);
		};
/* End PBXProject section */

/* Begin PBXResourcesBuildPhase section */
		A3B08D5F1CE6D640008020A0 /* Resources */ = {
			isa = PBXResourcesBuildPhase;
			buildActionMask = 2147483647;
			files = (
				A3B08D741CE6D640008020A0 /* LaunchScreen.storyboard in Resources */,
				A3B08D711CE6D640008020A0 /* Assets.xcassets in Resources */,
				A3B08D6F1CE6D640008020A0 /* Main.storyboard in Resources */,
			);
			runOnlyForDeploymentPostprocessing = 0;
		};
		A3B08D781CE6D640008020A0 /* Resources */ = {
			isa = PBXResourcesBuildPhase;
			buildActionMask = 2147483647;
			files = (
			);
			runOnlyForDeploymentPostprocessing = 0;
		};
		A3B08D831CE6D640008020A0 /* Resources */ = {
			isa = PBXResourcesBuildPhase;
			buildActionMask = 2147483647;
			files = (
			);
			runOnlyForDeploymentPostprocessing = 0;
		};
/* End PBXResourcesBuildPhase section */

/* Begin PBXSourcesBuildPhase section */
		A3B08D5D1CE6D640008020A0 /* Sources */ = {
			isa = PBXSourcesBuildPhase;
			buildActionMask = 2147483647;
			files = (
				A3B08D6C1CE6D640008020A0 /* ViewController.m in Sources */,
				A3B08D691CE6D640008020A0 /* AppDelegate.m in Sources */,
				A3B08D661CE6D640008020A0 /* main.m in Sources */,
			);
			runOnlyForDeploymentPostprocessing = 0;
		};
		A3B08D761CE6D640008020A0 /* Sources */ = {
			isa = PBXSourcesBuildPhase;
			buildActionMask = 2147483647;
			files = (
				A3B08D7F1CE6D640008020A0 /* UITextViewTests.m in Sources */,
			);
			runOnlyForDeploymentPostprocessing = 0;
		};
		A3B08D811CE6D640008020A0 /* Sources */ = {
			isa = PBXSourcesBuildPhase;
			buildActionMask = 2147483647;
			files = (
				A3B08D8A1CE6D640008020A0 /* UITextViewUITests.m in Sources */,
			);
			runOnlyForDeploymentPostprocessing = 0;
		};
/* End PBXSourcesBuildPhase section */

/* Begin PBXTargetDependency section */
		A3B08D7C1CE6D640008020A0 /* PBXTargetDependency */ = {
			isa = PBXTargetDependency;
			target = A3B08D601CE6D640008020A0 /* UITextView */;
			targetProxy = A3B08D7B1CE6D640008020A0 /* PBXContainerItemProxy */;
		};
		A3B08D871CE6D640008020A0 /* PBXTargetDependency */ = {
			isa = PBXTargetDependency;
			target = A3B08D601CE6D640008020A0 /* UITextView */;
			targetProxy = A3B08D861CE6D640008020A0 /* PBXContainerItemProxy */;
		};
/* End PBXTargetDependency section */

/* Begin PBXVariantGroup section */
		A3B08D6D1CE6D640008020A0 /* Main.storyboard */ = {
			isa = PBXVariantGroup;
			children = (
				A3B08D6E1CE6D640008020A0 /* Base */,
			);
			name = Main.storyboard;
			sourceTree = "<group>";
		};
		A3B08D721CE6D640008020A0 /* LaunchScreen.storyboard */ = {
			isa = PBXVariantGroup;
			children = (
				A3B08D731CE6D640008020A0 /* Base */,
			);
			name = LaunchScreen.storyboard;
			sourceTree = "<group>";
		};
/* End PBXVariantGroup section */

/* Begin XCBuildConfiguration section */
		A3B08D8C1CE6D640008020A0 /* Debug */ = {
			isa = XCBuildConfiguration;
			buildSettings = {
				ALWAYS_SEARCH_USER_PATHS = NO;
				CLANG_CXX_LANGUAGE_STANDARD = "gnu++0x";
				CLANG_CXX_LIBRARY = "libc++";
				CLANG_ENABLE_MODULES = YES;
				CLANG_ENABLE_OBJC_ARC = YES;
				CLANG_WARN_BOOL_CONVERSION = YES;
				CLANG_WARN_CONSTANT_CONVERSION = YES;
				CLANG_WARN_DIRECT_OBJC_ISA_USAGE = YES_ERROR;
				CLANG_WARN_EMPTY_BODY = YES;
				CLANG_WARN_ENUM_CONVERSION = YES;
				CLANG_WARN_INT_CONVERSION = YES;
				CLANG_WARN_OBJC_ROOT_CLASS = YES_ERROR;
				CLANG_WARN_UNREACHABLE_CODE = YES;
				CLANG_WARN__DUPLICATE_METHOD_MATCH = YES;
				"CODE_SIGN_IDENTITY[sdk=iphoneos*]" = "iPhone Developer";
				COPY_PHASE_STRIP = NO;
				DEBUG_INFORMATION_FORMAT = dwarf;
				ENABLE_STRICT_OBJC_MSGSEND = YES;
				ENABLE_TESTABILITY = YES;
				GCC_C_LANGUAGE_STANDARD = gnu99;
				GCC_DYNAMIC_NO_PIC = NO;
				GCC_NO_COMMON_BLOCKS = YES;
				GCC_OPTIMIZATION_LEVEL = 0;
				GCC_PREPROCESSOR_DEFINITIONS = (
					"DEBUG=1",
					"$(inherited)",
				);
				GCC_WARN_64_TO_32_BIT_CONVERSION = YES;
				GCC_WARN_ABOUT_RETURN_TYPE = YES_ERROR;
				GCC_WARN_UNDECLARED_SELECTOR = YES;
				GCC_WARN_UNINITIALIZED_AUTOS = YES_AGGRESSIVE;
				GCC_WARN_UNUSED_FUNCTION = YES;
				GCC_WARN_UNUSED_VARIABLE = YES;
				IPHONEOS_DEPLOYMENT_TARGET = 9.2;
				MTL_ENABLE_DEBUG_INFO = YES;
				ONLY_ACTIVE_ARCH = YES;
				SDKROOT = iphoneos;
				TARGETED_DEVICE_FAMILY = "1,2";
			};
			name = Debug;
		};
		A3B08D8D1CE6D640008020A0 /* Release */ = {
			isa = XCBuildConfiguration;
			buildSettings = {
				ALWAYS_SEARCH_USER_PATHS = NO;
				CLANG_CXX_LANGUAGE_STANDARD = "gnu++0x";
				CLANG_CXX_LIBRARY = "libc++";
				CLANG_ENABLE_MODULES = YES;
				CLANG_ENABLE_OBJC_ARC = YES;
				CLANG_WARN_BOOL_CONVERSION = YES;
				CLANG_WARN_CONSTANT_CONVERSION = YES;
				CLANG_WARN_DIRECT_OBJC_ISA_USAGE = YES_ERROR;
				CLANG_WARN_EMPTY_BODY = YES;
				CLANG_WARN_ENUM_CONVERSION = YES;
				CLANG_WARN_INT_CONVERSION = YES;
				CLANG_WARN_OBJC_ROOT_CLASS = YES_ERROR;
				CLANG_WARN_UNREACHABLE_CODE = YES;
				CLANG_WARN__DUPLICATE_METHOD_MATCH = YES;
				"CODE_SIGN_IDENTITY[sdk=iphoneos*]" = "iPhone Developer";
				COPY_PHASE_STRIP = NO;
				DEBUG_INFORMATION_FORMAT = "dwarf-with-dsym";
				ENABLE_NS_ASSERTIONS = NO;
				ENABLE_STRICT_OBJC_MSGSEND = YES;
				GCC_C_LANGUAGE_STANDARD = gnu99;
				GCC_NO_COMMON_BLOCKS = YES;
				GCC_WARN_64_TO_32_BIT_CONVERSION = YES;
				GCC_WARN_ABOUT_RETURN_TYPE = YES_ERROR;
				GCC_WARN_UNDECLARED_SELECTOR = YES;
				GCC_WARN_UNINITIALIZED_AUTOS = YES_AGGRESSIVE;
				GCC_WARN_UNUSED_FUNCTION = YES;
				GCC_WARN_UNUSED_VARIABLE = YES;
				IPHONEOS_DEPLOYMENT_TARGET = 9.2;
				MTL_ENABLE_DEBUG_INFO = NO;
				SDKROOT = iphoneos;
				TARGETED_DEVICE_FAMILY = "1,2";
				VALIDATE_PRODUCT = YES;
			};
			name = Release;
		};
		A3B08D8F1CE6D640008020A0 /* Debug */ = {
			isa = XCBuildConfiguration;
			buildSettings = {
				ASSETCATALOG_COMPILER_APPICON_NAME = AppIcon;
				INFOPLIST_FILE = UITextView/Info.plist;
				LD_RUNPATH_SEARCH_PATHS = "$(inherited) @executable_path/Frameworks";
				PRODUCT_BUNDLE_IDENTIFIER = "-1.UITextView";
				PRODUCT_NAME = "$(TARGET_NAME)";
			};
			name = Debug;
		};
		A3B08D901CE6D640008020A0 /* Release */ = {
			isa = XCBuildConfiguration;
			buildSettings = {
				ASSETCATALOG_COMPILER_APPICON_NAME = AppIcon;
				INFOPLIST_FILE = UITextView/Info.plist;
				LD_RUNPATH_SEARCH_PATHS = "$(inherited) @executable_path/Frameworks";
				PRODUCT_BUNDLE_IDENTIFIER = "-1.UITextView";
				PRODUCT_NAME = "$(TARGET_NAME)";
			};
			name = Release;
		};
		A3B08D921CE6D640008020A0 /* Debug */ = {
			isa = XCBuildConfiguration;
			buildSettings = {
				BUNDLE_LOADER = "$(TEST_HOST)";
				INFOPLIST_FILE = UITextViewTests/Info.plist;
				LD_RUNPATH_SEARCH_PATHS = "$(inherited) @executable_path/Frameworks @loader_path/Frameworks";
				PRODUCT_BUNDLE_IDENTIFIER = "-1.UITextViewTests";
				PRODUCT_NAME = "$(TARGET_NAME)";
				TEST_HOST = "$(BUILT_PRODUCTS_DIR)/UITextView.app/UITextView";
			};
			name = Debug;
		};
		A3B08D931CE6D640008020A0 /* Release */ = {
			isa = XCBuildConfiguration;
			buildSettings = {
				BUNDLE_LOADER = "$(TEST_HOST)";
				INFOPLIST_FILE = UITextViewTests/Info.plist;
				LD_RUNPATH_SEARCH_PATHS = "$(inherited) @executable_path/Frameworks @loader_path/Frameworks";
				PRODUCT_BUNDLE_IDENTIFIER = "-1.UITextViewTests";
				PRODUCT_NAME = "$(TARGET_NAME)";
				TEST_HOST = "$(BUILT_PRODUCTS_DIR)/UITextView.app/UITextView";
			};
			name = Release;
		};
		A3B08D951CE6D640008020A0 /* Debug */ = {
			isa = XCBuildConfiguration;
			buildSettings = {
				INFOPLIST_FILE = UITextViewUITests/Info.plist;
				LD_RUNPATH_SEARCH_PATHS = "$(inherited) @executable_path/Frameworks @loader_path/Frameworks";
				PRODUCT_BUNDLE_IDENTIFIER = "-1.UITextViewUITests";
				PRODUCT_NAME = "$(TARGET_NAME)";
				TEST_TARGET_NAME = UITextView;
				USES_XCTRUNNER = YES;
			};
			name = Debug;
		};
		A3B08D961CE6D640008020A0 /* Release */ = {
			isa = XCBuildConfiguration;
			buildSettings = {
				INFOPLIST_FILE = UITextViewUITests/Info.plist;
				LD_RUNPATH_SEARCH_PATHS = "$(inherited) @executable_path/Frameworks @loader_path/Frameworks";
				PRODUCT_BUNDLE_IDENTIFIER = "-1.UITextViewUITests";
				PRODUCT_NAME = "$(TARGET_NAME)";
				TEST_TARGET_NAME = UITextView;
				USES_XCTRUNNER = YES;
			};
			name = Release;
		};
/* End XCBuildConfiguration section */

/* Begin XCConfigurationList section */
		A3B08D5C1CE6D63F008020A0 /* Build configuration list for PBXProject "UITextView" */ = {
			isa = XCConfigurationList;
			buildConfigurations = (
				A3B08D8C1CE6D640008020A0 /* Debug */,
				A3B08D8D1CE6D640008020A0 /* Release */,
			);
			defaultConfigurationIsVisible = 0;
			defaultConfigurationName = Release;
		};
		A3B08D8E1CE6D640008020A0 /* Build configuration list for PBXNativeTarget "UITextView" */ = {
			isa = XCConfigurationList;
			buildConfigurations = (
				A3B08D8F1CE6D640008020A0 /* Debug */,
				A3B08D901CE6D640008020A0 /* Release */,
			);
			defaultConfigurationIsVisible = 0;
		};
		A3B08D911CE6D640008020A0 /* Build configuration list for PBXNativeTarget "UITextViewTests" */ = {
			isa = XCConfigurationList;
			buildConfigurations = (
				A3B08D921CE6D640008020A0 /* Debug */,
				A3B08D931CE6D640008020A0 /* Release */,
			);
			defaultConfigurationIsVisible = 0;
		};
		A3B08D941CE6D640008020A0 /* Build configuration list for PBXNativeTarget "UITextViewUITests" */ = {
			isa = XCConfigurationList;
			buildConfigurations = (
				A3B08D951CE6D640008020A0 /* Debug */,
				A3B08D961CE6D640008020A0 /* Release */,
			);
			defaultConfigurationIsVisible = 0;
		};
/* End XCConfigurationList section */
	};
	rootObject = A3B08D591CE6D63F008020A0 /* Project object */;
}
